
Microsoft Visual Studio Solution File, Format Version 12.00
# Visual Studio Version 17
VisualStudioVersion = 17.3.32901.215
MinimumVisualStudioVersion = 10.0.40219.1
Project("{FAE04EC0-301F-11D3-BF4B-00C04F79EFBC}") = "LeapYear", "LeapYear\LeapYear.csproj", "{DA382FAC-5500-44D9-B28B-1E5D2A701EA1}"
EndProject
Global
	GlobalSection(SolutionConfigurationPlatforms) = preSolution
		Debug|Any CPU = Debug|Any CPU
		Release|Any CPU = Release|Any CPU
	EndGlobalSection
	GlobalSection(ProjectConfigurationPlatforms) = postSolution
		{DA382FAC-5500-44D9-B28B-1E5D2A701EA1}.Debug|Any CPU.ActiveCfg = Debug|Any CPU
		{DA382FAC-5500-44D9-B28B-1E5D2A701EA1}.Debug|Any CPU.Build.0 = Debug|Any CPU
		{DA382FAC-5500-44D9-B28B-1E5D2A701EA1}.Release|Any CPU.ActiveCfg = Release|Any CPU
		{DA382FAC-5500-44D9-B28B-1E5D2A701EA1}.Release|Any CPU.Build.0 = Release|Any CPU
	EndGlobalSection
	GlobalSection(SolutionProperties) = preSolution
		HideSolutionNode = FALSE
	EndGlobalSection
	GlobalSection(ExtensibilityGlobals) = postSolution
		SolutionGuid = {FEFD4A79-0DC6-460F-93D9-F33019F9EAE1}
	EndGlobalSection
EndGlobal
